
Microsoft Visual Studio Solution File, Format Version 12.00
# Visual Studio Version 17
VisualStudioVersion = 17.6.33815.320
MinimumVisualStudioVersion = 10.0.40219.1
Project("{2150E333-8FDC-42A3-9474-1A3956D46DE8}") = "Primitives3D", "Primitives3D", "{62BB07D4-1A41-4052-8EAE-145BF8690028}"
EndProject
Project("{D954291E-2A0B-460D-934E-DC6B0785DB48}") = "Primitives3D", "Primitives3D\Primitives3D.shproj", "{B9ADD879-CC12-44CC-B809-BCE91FA444DE}"
EndProject
Project("{9A19103F-16F7-4668-BE54-9A1E7A4F7556}") = "Primitives3D.OVR", "Primitives3D.OVR\Primitives3D.OVR.csproj", "{47CB82F1-407E-4CC2-8AFD-598300FD1245}"
EndProject
Project("{2150E333-8FDC-42A3-9474-1A3956D46DE8}") = "Framework", "Framework", "{E047B55E-EC12-43C4-AF5F-AD7FED501BDB}"
EndProject
Project("{9A19103F-16F7-4668-BE54-9A1E7A4F7556}") = "Xna.Framework", "Submodules\KniSB\src\Xna.Framework\Xna.Framework.csproj", "{741B4B1E-89E4-434C-8867-6129838AFD51}"
EndProject
Project("{9A19103F-16F7-4668-BE54-9A1E7A4F7556}") = "Xna.Framework.Content", "Submodules\KniSB\src\Xna.Framework.Content\Xna.Framework.Content.csproj", "{1DC4C439-A8A6-4A11-AB3B-A88DCBA05449}"
EndProject
Project("{9A19103F-16F7-4668-BE54-9A1E7A4F7556}") = "Xna.Framework.Audio", "Submodules\KniSB\src\Xna.Framework.Audio\Xna.Framework.Audio.csproj", "{3F81F76D-F0F3-44FE-A256-40AF153C33F7}"
EndProject
Project("{9A19103F-16F7-4668-BE54-9A1E7A4F7556}") = "XNA.Framework.Media", "Submodules\KniSB\src\Xna.Framework.Media\XNA.Framework.Media.csproj", "{6E0E6284-13FF-4DC7-8FC2-B6D756EAF1FD}"
EndProject
Project("{9A19103F-16F7-4668-BE54-9A1E7A4F7556}") = "Xna.Framework.Graphics", "Submodules\KniSB\src\Xna.Framework.Graphics\Xna.Framework.Graphics.csproj", "{4B8D3F73-BBD2-4057-B86B-8B73B957DC0F}"
EndProject
Project("{9A19103F-16F7-4668-BE54-9A1E7A4F7556}") = "Xna.Framework.Input", "Submodules\KniSB\src\Xna.Framework.Input\Xna.Framework.Input.csproj", "{8FB8B257-C091-4C41-B221-75C37B68CD8F}"
EndProject
Project("{9A19103F-16F7-4668-BE54-9A1E7A4F7556}") = "Xna.Framework.Game", "Submodules\KniSB\src\Xna.Framework.Game\Xna.Framework.Game.csproj", "{90BBD6EF-F386-4F47-88CD-BF386C7D1705}"
EndProject
Project("{2150E333-8FDC-42A3-9474-1A3956D46DE8}") = "Platforms", "Platforms", "{CD3F96CE-3103-4760-B58B-5EED2413F83C}"
EndProject
Project("{9A19103F-16F7-4668-BE54-9A1E7A4F7556}") = "Kni.Platform.Blazor.GL", "Submodules\KniSB\Platforms\Kni.Platform.Blazor.GL.csproj", "{B1E0BDE6-D019-4EC6-B26D-5B823D74C4FB}"
EndProject
Project("{9A19103F-16F7-4668-BE54-9A1E7A4F7556}") = "Kni.Platform.Oculus.GL", "Submodules\KniSB\Platforms\Kni.Platform.Oculus.GL.csproj", "{BF6F500B-C6CC-42F0-888F-1973F8EC34EA}"
EndProject
Project("{9A19103F-16F7-4668-BE54-9A1E7A4F7556}") = "Primitives3D.Oculus", "Primitives3D.Oculus\Primitives3D.Oculus.csproj", "{928098D6-C9F4-4A5C-8E55-1B6854ED7F6E}"
EndProject
Project("{9A19103F-16F7-4668-BE54-9A1E7A4F7556}") = "Kni.Platform.WinForms.DX11.OculusOVR", "Submodules\KniSB\Platforms\Kni.Platform.WinForms.DX11.OculusOVR.csproj", "{47002223-FF7A-4E5F-9530-EADE8302EDF7}"
EndProject
Project("{FAE04EC0-301F-11D3-BF4B-00C04F79EFBC}") = "Xna.Framework.Storage", "Submodules\KniSB\src\Xna.Framework.Storage\Xna.Framework.Storage.csproj", "{7AE82BAB-5F52-427A-8F6F-DA829261FF9C}"
EndProject
Project("{FAE04EC0-301F-11D3-BF4B-00C04F79EFBC}") = "Xna.Framework.Devices", "Submodules\KniSB\src\Xna.Framework.Devices\Xna.Framework.Devices.csproj", "{6B3E56F7-C567-463C-9746-0244FD959322}"
EndProject
Project("{FAE04EC0-301F-11D3-BF4B-00C04F79EFBC}") = "Xna.Framework.XR", "Submodules\KniSB\src\Xna.Framework.XR\Xna.Framework.XR.csproj", "{6D0D985D-B256-4208-9E78-77897D461698}"
EndProject
Project("{FAE04EC0-301F-11D3-BF4B-00C04F79EFBC}") = "Primitives3D.BlazorGL", "Primitives3D.BlazorGL\Primitives3D.BlazorGL.csproj", "{9CCBC6D0-83F8-4DAA-A781-7900E089DE76}"
EndProject
Project("{2150E333-8FDC-42A3-9474-1A3956D46DE8}") = "Wasm", "Wasm", "{02EA681E-C7D8-13C7-8484-4AC65E1B71E8}"
EndProject
Project("{FAE04EC0-301F-11D3-BF4B-00C04F79EFBC}") = "Wasm.JSInterop", "Submodules\KniSB\Submodules\WasmSB\Wasm.JSInterop\Wasm.JSInterop.csproj", "{D9E5FC12-DDF5-814D-3E64-7A811287CF3D}"
EndProject
Project("{FAE04EC0-301F-11D3-BF4B-00C04F79EFBC}") = "Wasm.Audio", "Submodules\KniSB\Submodules\WasmSB\Wasm.Audio\Wasm.Audio.csproj", "{E4994FCD-51A9-7CF3-2FC7-26BCA05AEF03}"
EndProject
Project("{FAE04EC0-301F-11D3-BF4B-00C04F79EFBC}") = "Wasm.Canvas", "Submodules\KniSB\Submodules\WasmSB\Wasm.Canvas\Wasm.Canvas.csproj", "{5DB5C5B9-9FBA-106C-3909-3EACADD8485D}"
EndProject
Project("{FAE04EC0-301F-11D3-BF4B-00C04F79EFBC}") = "Wasm.Clipboard", "Submodules\KniSB\Submodules\WasmSB\Wasm.Clipboard\Wasm.Clipboard.csproj", "{B7BE5548-F985-6A1C-39B7-1790A6BCC0B8}"
EndProject
Project("{FAE04EC0-301F-11D3-BF4B-00C04F79EFBC}") = "Wasm.Dom", "Submodules\KniSB\Submodules\WasmSB\Wasm.Dom\Wasm.Dom.csproj", "{110A816F-29F9-3C8A-2AFA-A8BD904D8835}"
EndProject
Project("{FAE04EC0-301F-11D3-BF4B-00C04F79EFBC}") = "Wasm.XHR", "Submodules\KniSB\Submodules\WasmSB\Wasm.XHR\Wasm.XHR.csproj", "{1D2AD89E-46A2-0DEC-5D9E-B997EA6B6427}"
EndProject
Project("{FAE04EC0-301F-11D3-BF4B-00C04F79EFBC}") = "Wasm.XR", "Submodules\KniSB\Submodules\WasmSB\Wasm.XR\Wasm.XR.csproj", "{245F49F1-1C6E-E49E-CDF1-A343938B943B}"
EndProject
Project("{FAE04EC0-301F-11D3-BF4B-00C04F79EFBC}") = "Kni.Platform.WinForms.DX11", "Submodules\KniSB\Platforms\Kni.Platform.WinForms.DX11.csproj", "{7DE47032-A904-4C29-BD22-2D235E8D91BA}"
EndProject
Project("{FAE04EC0-301F-11D3-BF4B-00C04F79EFBC}") = "Kni.Platform.Ref", "Submodules\KniSB\Platforms\Kni.Platform.Ref.csproj", "{2A9E881D-6377-198B-CD90-6A235B2FE6E0}"
EndProject
Global
	GlobalSection(SolutionConfigurationPlatforms) = preSolution
		Debug|Any CPU = Debug|Any CPU
		Debug|ARM = Debug|ARM
		Debug|x64 = Debug|x64
		Debug|x86 = Debug|x86
		Release|Any CPU = Release|Any CPU
		Release|ARM = Release|ARM
		Release|x64 = Release|x64
		Release|x86 = Release|x86
	EndGlobalSection
	GlobalSection(ProjectConfigurationPlatforms) = postSolution
		{47CB82F1-407E-4CC2-8AFD-598300FD1245}.Debug|Any CPU.ActiveCfg = Debug|Any CPU
		{47CB82F1-407E-4CC2-8AFD-598300FD1245}.Debug|Any CPU.Build.0 = Debug|Any CPU
		{47CB82F1-407E-4CC2-8AFD-598300FD1245}.Debug|ARM.ActiveCfg = Debug|Any CPU
		{47CB82F1-407E-4CC2-8AFD-598300FD1245}.Debug|ARM.Build.0 = Debug|Any CPU
		{47CB82F1-407E-4CC2-8AFD-598300FD1245}.Debug|x64.ActiveCfg = Debug|Any CPU
		{47CB82F1-407E-4CC2-8AFD-598300FD1245}.Debug|x64.Build.0 = Debug|Any CPU
		{47CB82F1-407E-4CC2-8AFD-598300FD1245}.Debug|x86.ActiveCfg = Debug|Any CPU
		{47CB82F1-407E-4CC2-8AFD-598300FD1245}.Debug|x86.Build.0 = Debug|Any CPU
		{47CB82F1-407E-4CC2-8AFD-598300FD1245}.Release|Any CPU.ActiveCfg = Release|Any CPU
		{47CB82F1-407E-4CC2-8AFD-598300FD1245}.Release|Any CPU.Build.0 = Release|Any CPU
		{47CB82F1-407E-4CC2-8AFD-598300FD1245}.Release|ARM.ActiveCfg = Release|Any CPU
		{47CB82F1-407E-4CC2-8AFD-598300FD1245}.Release|ARM.Build.0 = Release|Any CPU
		{47CB82F1-407E-4CC2-8AFD-598300FD1245}.Release|x64.ActiveCfg = Release|Any CPU
		{47CB82F1-407E-4CC2-8AFD-598300FD1245}.Release|x64.Build.0 = Release|Any CPU
		{47CB82F1-407E-4CC2-8AFD-598300FD1245}.Release|x86.ActiveCfg = Release|Any CPU
		{47CB82F1-407E-4CC2-8AFD-598300FD1245}.Release|x86.Build.0 = Release|Any CPU
		{741B4B1E-89E4-434C-8867-6129838AFD51}.Debug|Any CPU.ActiveCfg = Debug|Any CPU
		{741B4B1E-89E4-434C-8867-6129838AFD51}.Debug|Any CPU.Build.0 = Debug|Any CPU
		{741B4B1E-89E4-434C-8867-6129838AFD51}.Debug|ARM.ActiveCfg = Debug|Any CPU
		{741B4B1E-89E4-434C-8867-6129838AFD51}.Debug|ARM.Build.0 = Debug|Any CPU
		{741B4B1E-89E4-434C-8867-6129838AFD51}.Debug|x64.ActiveCfg = Debug|Any CPU
		{741B4B1E-89E4-434C-8867-6129838AFD51}.Debug|x64.Build.0 = Debug|Any CPU
		{741B4B1E-89E4-434C-8867-6129838AFD51}.Debug|x86.ActiveCfg = Debug|Any CPU
		{741B4B1E-89E4-434C-8867-6129838AFD51}.Debug|x86.Build.0 = Debug|Any CPU
		{741B4B1E-89E4-434C-8867-6129838AFD51}.Release|Any CPU.ActiveCfg = Release|Any CPU
		{741B4B1E-89E4-434C-8867-6129838AFD51}.Release|Any CPU.Build.0 = Release|Any CPU
		{741B4B1E-89E4-434C-8867-6129838AFD51}.Release|ARM.ActiveCfg = Release|Any CPU
		{741B4B1E-89E4-434C-8867-6129838AFD51}.Release|ARM.Build.0 = Release|Any CPU
		{741B4B1E-89E4-434C-8867-6129838AFD51}.Release|x64.ActiveCfg = Release|Any CPU
		{741B4B1E-89E4-434C-8867-6129838AFD51}.Release|x64.Build.0 = Release|Any CPU
		{741B4B1E-89E4-434C-8867-6129838AFD51}.Release|x86.ActiveCfg = Release|Any CPU
		{741B4B1E-89E4-434C-8867-6129838AFD51}.Release|x86.Build.0 = Release|Any CPU
		{1DC4C439-A8A6-4A11-AB3B-A88DCBA05449}.Debug|Any CPU.ActiveCfg = Debug|Any CPU
		{1DC4C439-A8A6-4A11-AB3B-A88DCBA05449}.Debug|Any CPU.Build.0 = Debug|Any CPU
		{1DC4C439-A8A6-4A11-AB3B-A88DCBA05449}.Debug|ARM.ActiveCfg = Debug|Any CPU
		{1DC4C439-A8A6-4A11-AB3B-A88DCBA05449}.Debug|ARM.Build.0 = Debug|Any CPU
		{1DC4C439-A8A6-4A11-AB3B-A88DCBA05449}.Debug|x64.ActiveCfg = Debug|Any CPU
		{1DC4C439-A8A6-4A11-AB3B-A88DCBA05449}.Debug|x64.Build.0 = Debug|Any CPU
		{1DC4C439-A8A6-4A11-AB3B-A88DCBA05449}.Debug|x86.ActiveCfg = Debug|Any CPU
		{1DC4C439-A8A6-4A11-AB3B-A88DCBA05449}.Debug|x86.Build.0 = Debug|Any CPU
		{1DC4C439-A8A6-4A11-AB3B-A88DCBA05449}.Release|Any CPU.ActiveCfg = Release|Any CPU
		{1DC4C439-A8A6-4A11-AB3B-A88DCBA05449}.Release|Any CPU.Build.0 = Release|Any CPU
		{1DC4C439-A8A6-4A11-AB3B-A88DCBA05449}.Release|ARM.ActiveCfg = Release|Any CPU
		{1DC4C439-A8A6-4A11-AB3B-A88DCBA05449}.Release|ARM.Build.0 = Release|Any CPU
		{1DC4C439-A8A6-4A11-AB3B-A88DCBA05449}.Release|x64.ActiveCfg = Release|Any CPU
		{1DC4C439-A8A6-4A11-AB3B-A88DCBA05449}.Release|x64.Build.0 = Release|Any CPU
		{1DC4C439-A8A6-4A11-AB3B-A88DCBA05449}.Release|x86.ActiveCfg = Release|Any CPU
		{1DC4C439-A8A6-4A11-AB3B-A88DCBA05449}.Release|x86.Build.0 = Release|Any CPU
		{3F81F76D-F0F3-44FE-A256-40AF153C33F7}.Debug|Any CPU.ActiveCfg = Debug|Any CPU
		{3F81F76D-F0F3-44FE-A256-40AF153C33F7}.Debug|Any CPU.Build.0 = Debug|Any CPU
		{3F81F76D-F0F3-44FE-A256-40AF153C33F7}.Debug|ARM.ActiveCfg = Debug|Any CPU
		{3F81F76D-F0F3-44FE-A256-40AF153C33F7}.Debug|ARM.Build.0 = Debug|Any CPU
		{3F81F76D-F0F3-44FE-A256-40AF153C33F7}.Debug|x64.ActiveCfg = Debug|Any CPU
		{3F81F76D-F0F3-44FE-A256-40AF153C33F7}.Debug|x64.Build.0 = Debug|Any CPU
		{3F81F76D-F0F3-44FE-A256-40AF153C33F7}.Debug|x86.ActiveCfg = Debug|Any CPU
		{3F81F76D-F0F3-44FE-A256-40AF153C33F7}.Debug|x86.Build.0 = Debug|Any CPU
		{3F81F76D-F0F3-44FE-A256-40AF153C33F7}.Release|Any CPU.ActiveCfg = Release|Any CPU
		{3F81F76D-F0F3-44FE-A256-40AF153C33F7}.Release|Any CPU.Build.0 = Release|Any CPU
		{3F81F76D-F0F3-44FE-A256-40AF153C33F7}.Release|ARM.ActiveCfg = Release|Any CPU
		{3F81F76D-F0F3-44FE-A256-40AF153C33F7}.Release|ARM.Build.0 = Release|Any CPU
		{3F81F76D-F0F3-44FE-A256-40AF153C33F7}.Release|x64.ActiveCfg = Release|Any CPU
		{3F81F76D-F0F3-44FE-A256-40AF153C33F7}.Release|x64.Build.0 = Release|Any CPU
		{3F81F76D-F0F3-44FE-A256-40AF153C33F7}.Release|x86.ActiveCfg = Release|Any CPU
		{3F81F76D-F0F3-44FE-A256-40AF153C33F7}.Release|x86.Build.0 = Release|Any CPU
		{6E0E6284-13FF-4DC7-8FC2-B6D756EAF1FD}.Debug|Any CPU.ActiveCfg = Debug|Any CPU
		{6E0E6284-13FF-4DC7-8FC2-B6D756EAF1FD}.Debug|Any CPU.Build.0 = Debug|Any CPU
		{6E0E6284-13FF-4DC7-8FC2-B6D756EAF1FD}.Debug|ARM.ActiveCfg = Debug|Any CPU
		{6E0E6284-13FF-4DC7-8FC2-B6D756EAF1FD}.Debug|ARM.Build.0 = Debug|Any CPU
		{6E0E6284-13FF-4DC7-8FC2-B6D756EAF1FD}.Debug|x64.ActiveCfg = Debug|Any CPU
		{6E0E6284-13FF-4DC7-8FC2-B6D756EAF1FD}.Debug|x64.Build.0 = Debug|Any CPU
		{6E0E6284-13FF-4DC7-8FC2-B6D756EAF1FD}.Debug|x86.ActiveCfg = Debug|Any CPU
		{6E0E6284-13FF-4DC7-8FC2-B6D756EAF1FD}.Debug|x86.Build.0 = Debug|Any CPU
		{6E0E6284-13FF-4DC7-8FC2-B6D756EAF1FD}.Release|Any CPU.ActiveCfg = Release|Any CPU
		{6E0E6284-13FF-4DC7-8FC2-B6D756EAF1FD}.Release|Any CPU.Build.0 = Release|Any CPU
		{6E0E6284-13FF-4DC7-8FC2-B6D756EAF1FD}.Release|ARM.ActiveCfg = Release|Any CPU
		{6E0E6284-13FF-4DC7-8FC2-B6D756EAF1FD}.Release|ARM.Build.0 = Release|Any CPU
		{6E0E6284-13FF-4DC7-8FC2-B6D756EAF1FD}.Release|x64.ActiveCfg = Release|Any CPU
		{6E0E6284-13FF-4DC7-8FC2-B6D756EAF1FD}.Release|x64.Build.0 = Release|Any CPU
		{6E0E6284-13FF-4DC7-8FC2-B6D756EAF1FD}.Release|x86.ActiveCfg = Release|Any CPU
		{6E0E6284-13FF-4DC7-8FC2-B6D756EAF1FD}.Release|x86.Build.0 = Release|Any CPU
		{4B8D3F73-BBD2-4057-B86B-8B73B957DC0F}.Debug|Any CPU.ActiveCfg = Debug|Any CPU
		{4B8D3F73-BBD2-4057-B86B-8B73B957DC0F}.Debug|Any CPU.Build.0 = Debug|Any CPU
		{4B8D3F73-BBD2-4057-B86B-8B73B957DC0F}.Debug|ARM.ActiveCfg = Debug|Any CPU
		{4B8D3F73-BBD2-4057-B86B-8B73B957DC0F}.Debug|ARM.Build.0 = Debug|Any CPU
		{4B8D3F73-BBD2-4057-B86B-8B73B957DC0F}.Debug|x64.ActiveCfg = Debug|Any CPU
		{4B8D3F73-BBD2-4057-B86B-8B73B957DC0F}.Debug|x64.Build.0 = Debug|Any CPU
		{4B8D3F73-BBD2-4057-B86B-8B73B957DC0F}.Debug|x86.ActiveCfg = Debug|Any CPU
		{4B8D3F73-BBD2-4057-B86B-8B73B957DC0F}.Debug|x86.Build.0 = Debug|Any CPU
		{4B8D3F73-BBD2-4057-B86B-8B73B957DC0F}.Release|Any CPU.ActiveCfg = Release|Any CPU
		{4B8D3F73-BBD2-4057-B86B-8B73B957DC0F}.Release|Any CPU.Build.0 = Release|Any CPU
		{4B8D3F73-BBD2-4057-B86B-8B73B957DC0F}.Release|ARM.ActiveCfg = Release|Any CPU
		{4B8D3F73-BBD2-4057-B86B-8B73B957DC0F}.Release|ARM.Build.0 = Release|Any CPU
		{4B8D3F73-BBD2-4057-B86B-8B73B957DC0F}.Release|x64.ActiveCfg = Release|Any CPU
		{4B8D3F73-BBD2-4057-B86B-8B73B957DC0F}.Release|x64.Build.0 = Release|Any CPU
		{4B8D3F73-BBD2-4057-B86B-8B73B957DC0F}.Release|x86.ActiveCfg = Release|Any CPU
		{4B8D3F73-BBD2-4057-B86B-8B73B957DC0F}.Release|x86.Build.0 = Release|Any CPU
		{8FB8B257-C091-4C41-B221-75C37B68CD8F}.Debug|Any CPU.ActiveCfg = Debug|Any CPU
		{8FB8B257-C091-4C41-B221-75C37B68CD8F}.Debug|Any CPU.Build.0 = Debug|Any CPU
		{8FB8B257-C091-4C41-B221-75C37B68CD8F}.Debug|ARM.ActiveCfg = Debug|Any CPU
		{8FB8B257-C091-4C41-B221-75C37B68CD8F}.Debug|ARM.Build.0 = Debug|Any CPU
		{8FB8B257-C091-4C41-B221-75C37B68CD8F}.Debug|x64.ActiveCfg = Debug|Any CPU
		{8FB8B257-C091-4C41-B221-75C37B68CD8F}.Debug|x64.Build.0 = Debug|Any CPU
		{8FB8B257-C091-4C41-B221-75C37B68CD8F}.Debug|x86.ActiveCfg = Debug|Any CPU
		{8FB8B257-C091-4C41-B221-75C37B68CD8F}.Debug|x86.Build.0 = Debug|Any CPU
		{8FB8B257-C091-4C41-B221-75C37B68CD8F}.Release|Any CPU.ActiveCfg = Release|Any CPU
		{8FB8B257-C091-4C41-B221-75C37B68CD8F}.Release|Any CPU.Build.0 = Release|Any CPU
		{8FB8B257-C091-4C41-B221-75C37B68CD8F}.Release|ARM.ActiveCfg = Release|Any CPU
		{8FB8B257-C091-4C41-B221-75C37B68CD8F}.Release|ARM.Build.0 = Release|Any CPU
		{8FB8B257-C091-4C41-B221-75C37B68CD8F}.Release|x64.ActiveCfg = Release|Any CPU
		{8FB8B257-C091-4C41-B221-75C37B68CD8F}.Release|x64.Build.0 = Release|Any CPU
		{8FB8B257-C091-4C41-B221-75C37B68CD8F}.Release|x86.ActiveCfg = Release|Any CPU
		{8FB8B257-C091-4C41-B221-75C37B68CD8F}.Release|x86.Build.0 = Release|Any CPU
		{90BBD6EF-F386-4F47-88CD-BF386C7D1705}.Debug|Any CPU.ActiveCfg = Debug|Any CPU
		{90BBD6EF-F386-4F47-88CD-BF386C7D1705}.Debug|Any CPU.Build.0 = Debug|Any CPU
		{90BBD6EF-F386-4F47-88CD-BF386C7D1705}.Debug|ARM.ActiveCfg = Debug|Any CPU
		{90BBD6EF-F386-4F47-88CD-BF386C7D1705}.Debug|ARM.Build.0 = Debug|Any CPU
		{90BBD6EF-F386-4F47-88CD-BF386C7D1705}.Debug|x64.ActiveCfg = Debug|Any CPU
		{90BBD6EF-F386-4F47-88CD-BF386C7D1705}.Debug|x64.Build.0 = Debug|Any CPU
		{90BBD6EF-F386-4F47-88CD-BF386C7D1705}.Debug|x86.ActiveCfg = Debug|Any CPU
		{90BBD6EF-F386-4F47-88CD-BF386C7D1705}.Debug|x86.Build.0 = Debug|Any CPU
		{90BBD6EF-F386-4F47-88CD-BF386C7D1705}.Release|Any CPU.ActiveCfg = Release|Any CPU
		{90BBD6EF-F386-4F47-88CD-BF386C7D1705}.Release|Any CPU.Build.0 = Release|Any CPU
		{90BBD6EF-F386-4F47-88CD-BF386C7D1705}.Release|ARM.ActiveCfg = Release|Any CPU
		{90BBD6EF-F386-4F47-88CD-BF386C7D1705}.Release|ARM.Build.0 = Release|Any CPU
		{90BBD6EF-F386-4F47-88CD-BF386C7D1705}.Release|x64.ActiveCfg = Release|Any CPU
		{90BBD6EF-F386-4F47-88CD-BF386C7D1705}.Release|x64.Build.0 = Release|Any CPU
		{90BBD6EF-F386-4F47-88CD-BF386C7D1705}.Release|x86.ActiveCfg = Release|Any CPU
		{90BBD6EF-F386-4F47-88CD-BF386C7D1705}.Release|x86.Build.0 = Release|Any CPU
		{B1E0BDE6-D019-4EC6-B26D-5B823D74C4FB}.Debug|Any CPU.ActiveCfg = Debug|Any CPU
		{B1E0BDE6-D019-4EC6-B26D-5B823D74C4FB}.Debug|Any CPU.Build.0 = Debug|Any CPU
		{B1E0BDE6-D019-4EC6-B26D-5B823D74C4FB}.Debug|ARM.ActiveCfg = Debug|Any CPU
		{B1E0BDE6-D019-4EC6-B26D-5B823D74C4FB}.Debug|ARM.Build.0 = Debug|Any CPU
		{B1E0BDE6-D019-4EC6-B26D-5B823D74C4FB}.Debug|x64.ActiveCfg = Debug|Any CPU
		{B1E0BDE6-D019-4EC6-B26D-5B823D74C4FB}.Debug|x64.Build.0 = Debug|Any CPU
		{B1E0BDE6-D019-4EC6-B26D-5B823D74C4FB}.Debug|x86.ActiveCfg = Debug|Any CPU
		{B1E0BDE6-D019-4EC6-B26D-5B823D74C4FB}.Debug|x86.Build.0 = Debug|Any CPU
		{B1E0BDE6-D019-4EC6-B26D-5B823D74C4FB}.Release|Any CPU.ActiveCfg = Release|Any CPU
		{B1E0BDE6-D019-4EC6-B26D-5B823D74C4FB}.Release|Any CPU.Build.0 = Release|Any CPU
		{B1E0BDE6-D019-4EC6-B26D-5B823D74C4FB}.Release|ARM.ActiveCfg = Release|Any CPU
		{B1E0BDE6-D019-4EC6-B26D-5B823D74C4FB}.Release|ARM.Build.0 = Release|Any CPU
		{B1E0BDE6-D019-4EC6-B26D-5B823D74C4FB}.Release|x64.ActiveCfg = Release|Any CPU
		{B1E0BDE6-D019-4EC6-B26D-5B823D74C4FB}.Release|x64.Build.0 = Release|Any CPU
		{B1E0BDE6-D019-4EC6-B26D-5B823D74C4FB}.Release|x86.ActiveCfg = Release|Any CPU
		{B1E0BDE6-D019-4EC6-B26D-5B823D74C4FB}.Release|x86.Build.0 = Release|Any CPU
		{BF6F500B-C6CC-42F0-888F-1973F8EC34EA}.Debug|Any CPU.ActiveCfg = Debug|Any CPU
		{BF6F500B-C6CC-42F0-888F-1973F8EC34EA}.Debug|Any CPU.Build.0 = Debug|Any CPU
		{BF6F500B-C6CC-42F0-888F-1973F8EC34EA}.Debug|ARM.ActiveCfg = Debug|Any CPU
		{BF6F500B-C6CC-42F0-888F-1973F8EC34EA}.Debug|ARM.Build.0 = Debug|Any CPU
		{BF6F500B-C6CC-42F0-888F-1973F8EC34EA}.Debug|x64.ActiveCfg = Debug|Any CPU
		{BF6F500B-C6CC-42F0-888F-1973F8EC34EA}.Debug|x64.Build.0 = Debug|Any CPU
		{BF6F500B-C6CC-42F0-888F-1973F8EC34EA}.Debug|x86.ActiveCfg = Debug|Any CPU
		{BF6F500B-C6CC-42F0-888F-1973F8EC34EA}.Debug|x86.Build.0 = Debug|Any CPU
		{BF6F500B-C6CC-42F0-888F-1973F8EC34EA}.Release|Any CPU.ActiveCfg = Release|Any CPU
		{BF6F500B-C6CC-42F0-888F-1973F8EC34EA}.Release|Any CPU.Build.0 = Release|Any CPU
		{BF6F500B-C6CC-42F0-888F-1973F8EC34EA}.Release|ARM.ActiveCfg = Release|Any CPU
		{BF6F500B-C6CC-42F0-888F-1973F8EC34EA}.Release|ARM.Build.0 = Release|Any CPU
		{BF6F500B-C6CC-42F0-888F-1973F8EC34EA}.Release|x64.ActiveCfg = Release|Any CPU
		{BF6F500B-C6CC-42F0-888F-1973F8EC34EA}.Release|x64.Build.0 = Release|Any CPU
		{BF6F500B-C6CC-42F0-888F-1973F8EC34EA}.Release|x86.ActiveCfg = Release|Any CPU
		{BF6F500B-C6CC-42F0-888F-1973F8EC34EA}.Release|x86.Build.0 = Release|Any CPU
		{928098D6-C9F4-4A5C-8E55-1B6854ED7F6E}.Debug|Any CPU.ActiveCfg = Debug|Any CPU
		{928098D6-C9F4-4A5C-8E55-1B6854ED7F6E}.Debug|Any CPU.Build.0 = Debug|Any CPU
		{928098D6-C9F4-4A5C-8E55-1B6854ED7F6E}.Debug|Any CPU.Deploy.0 = Debug|Any CPU
		{928098D6-C9F4-4A5C-8E55-1B6854ED7F6E}.Debug|ARM.ActiveCfg = Debug|Any CPU
		{928098D6-C9F4-4A5C-8E55-1B6854ED7F6E}.Debug|ARM.Build.0 = Debug|Any CPU
		{928098D6-C9F4-4A5C-8E55-1B6854ED7F6E}.Debug|ARM.Deploy.0 = Debug|Any CPU
		{928098D6-C9F4-4A5C-8E55-1B6854ED7F6E}.Debug|x64.ActiveCfg = Debug|Any CPU
		{928098D6-C9F4-4A5C-8E55-1B6854ED7F6E}.Debug|x64.Build.0 = Debug|Any CPU
		{928098D6-C9F4-4A5C-8E55-1B6854ED7F6E}.Debug|x64.Deploy.0 = Debug|Any CPU
		{928098D6-C9F4-4A5C-8E55-1B6854ED7F6E}.Debug|x86.ActiveCfg = Debug|Any CPU
		{928098D6-C9F4-4A5C-8E55-1B6854ED7F6E}.Debug|x86.Build.0 = Debug|Any CPU
		{928098D6-C9F4-4A5C-8E55-1B6854ED7F6E}.Debug|x86.Deploy.0 = Debug|Any CPU
		{928098D6-C9F4-4A5C-8E55-1B6854ED7F6E}.Release|Any CPU.ActiveCfg = Release|Any CPU
		{928098D6-C9F4-4A5C-8E55-1B6854ED7F6E}.Release|Any CPU.Build.0 = Release|Any CPU
		{928098D6-C9F4-4A5C-8E55-1B6854ED7F6E}.Release|Any CPU.Deploy.0 = Release|Any CPU
		{928098D6-C9F4-4A5C-8E55-1B6854ED7F6E}.Release|ARM.ActiveCfg = Release|Any CPU
		{928098D6-C9F4-4A5C-8E55-1B6854ED7F6E}.Release|ARM.Build.0 = Release|Any CPU
		{928098D6-C9F4-4A5C-8E55-1B6854ED7F6E}.Release|ARM.Deploy.0 = Release|Any CPU
		{928098D6-C9F4-4A5C-8E55-1B6854ED7F6E}.Release|x64.ActiveCfg = Release|Any CPU
		{928098D6-C9F4-4A5C-8E55-1B6854ED7F6E}.Release|x64.Build.0 = Release|Any CPU
		{928098D6-C9F4-4A5C-8E55-1B6854ED7F6E}.Release|x64.Deploy.0 = Release|Any CPU
		{928098D6-C9F4-4A5C-8E55-1B6854ED7F6E}.Release|x86.ActiveCfg = Release|Any CPU
		{928098D6-C9F4-4A5C-8E55-1B6854ED7F6E}.Release|x86.Build.0 = Release|Any CPU
		{928098D6-C9F4-4A5C-8E55-1B6854ED7F6E}.Release|x86.Deploy.0 = Release|Any CPU
		{47002223-FF7A-4E5F-9530-EADE8302EDF7}.Debug|Any CPU.ActiveCfg = Debug|Any CPU
		{47002223-FF7A-4E5F-9530-EADE8302EDF7}.Debug|Any CPU.Build.0 = Debug|Any CPU
		{47002223-FF7A-4E5F-9530-EADE8302EDF7}.Debug|ARM.ActiveCfg = Debug|Any CPU
		{47002223-FF7A-4E5F-9530-EADE8302EDF7}.Debug|ARM.Build.0 = Debug|Any CPU
		{47002223-FF7A-4E5F-9530-EADE8302EDF7}.Debug|x64.ActiveCfg = Debug|Any CPU
		{47002223-FF7A-4E5F-9530-EADE8302EDF7}.Debug|x64.Build.0 = Debug|Any CPU
		{47002223-FF7A-4E5F-9530-EADE8302EDF7}.Debug|x86.ActiveCfg = Debug|Any CPU
		{47002223-FF7A-4E5F-9530-EADE8302EDF7}.Debug|x86.Build.0 = Debug|Any CPU
		{47002223-FF7A-4E5F-9530-EADE8302EDF7}.Release|Any CPU.ActiveCfg = Release|Any CPU
		{47002223-FF7A-4E5F-9530-EADE8302EDF7}.Release|Any CPU.Build.0 = Release|Any CPU
		{47002223-FF7A-4E5F-9530-EADE8302EDF7}.Release|ARM.ActiveCfg = Release|Any CPU
		{47002223-FF7A-4E5F-9530-EADE8302EDF7}.Release|ARM.Build.0 = Release|Any CPU
		{47002223-FF7A-4E5F-9530-EADE8302EDF7}.Release|x64.ActiveCfg = Release|Any CPU
		{47002223-FF7A-4E5F-9530-EADE8302EDF7}.Release|x64.Build.0 = Release|Any CPU
		{47002223-FF7A-4E5F-9530-EADE8302EDF7}.Release|x86.ActiveCfg = Release|Any CPU
		{47002223-FF7A-4E5F-9530-EADE8302EDF7}.Release|x86.Build.0 = Release|Any CPU
		{7AE82BAB-5F52-427A-8F6F-DA829261FF9C}.Debug|Any CPU.ActiveCfg = Debug|Any CPU
		{7AE82BAB-5F52-427A-8F6F-DA829261FF9C}.Debug|Any CPU.Build.0 = Debug|Any CPU
		{7AE82BAB-5F52-427A-8F6F-DA829261FF9C}.Debug|ARM.ActiveCfg = Debug|Any CPU
		{7AE82BAB-5F52-427A-8F6F-DA829261FF9C}.Debug|ARM.Build.0 = Debug|Any CPU
		{7AE82BAB-5F52-427A-8F6F-DA829261FF9C}.Debug|x64.ActiveCfg = Debug|Any CPU
		{7AE82BAB-5F52-427A-8F6F-DA829261FF9C}.Debug|x64.Build.0 = Debug|Any CPU
		{7AE82BAB-5F52-427A-8F6F-DA829261FF9C}.Debug|x86.ActiveCfg = Debug|Any CPU
		{7AE82BAB-5F52-427A-8F6F-DA829261FF9C}.Debug|x86.Build.0 = Debug|Any CPU
		{7AE82BAB-5F52-427A-8F6F-DA829261FF9C}.Release|Any CPU.ActiveCfg = Release|Any CPU
		{7AE82BAB-5F52-427A-8F6F-DA829261FF9C}.Release|Any CPU.Build.0 = Release|Any CPU
		{7AE82BAB-5F52-427A-8F6F-DA829261FF9C}.Release|ARM.ActiveCfg = Release|Any CPU
		{7AE82BAB-5F52-427A-8F6F-DA829261FF9C}.Release|ARM.Build.0 = Release|Any CPU
		{7AE82BAB-5F52-427A-8F6F-DA829261FF9C}.Release|x64.ActiveCfg = Release|Any CPU
		{7AE82BAB-5F52-427A-8F6F-DA829261FF9C}.Release|x64.Build.0 = Release|Any CPU
		{7AE82BAB-5F52-427A-8F6F-DA829261FF9C}.Release|x86.ActiveCfg = Release|Any CPU
		{7AE82BAB-5F52-427A-8F6F-DA829261FF9C}.Release|x86.Build.0 = Release|Any CPU
		{6B3E56F7-C567-463C-9746-0244FD959322}.Debug|Any CPU.ActiveCfg = Debug|Any CPU
		{6B3E56F7-C567-463C-9746-0244FD959322}.Debug|Any CPU.Build.0 = Debug|Any CPU
		{6B3E56F7-C567-463C-9746-0244FD959322}.Debug|ARM.ActiveCfg = Debug|Any CPU
		{6B3E56F7-C567-463C-9746-0244FD959322}.Debug|ARM.Build.0 = Debug|Any CPU
		{6B3E56F7-C567-463C-9746-0244FD959322}.Debug|x64.ActiveCfg = Debug|Any CPU
		{6B3E56F7-C567-463C-9746-0244FD959322}.Debug|x64.Build.0 = Debug|Any CPU
		{6B3E56F7-C567-463C-9746-0244FD959322}.Debug|x86.ActiveCfg = Debug|Any CPU
		{6B3E56F7-C567-463C-9746-0244FD959322}.Debug|x86.Build.0 = Debug|Any CPU
		{6B3E56F7-C567-463C-9746-0244FD959322}.Release|Any CPU.ActiveCfg = Release|Any CPU
		{6B3E56F7-C567-463C-9746-0244FD959322}.Release|Any CPU.Build.0 = Release|Any CPU
		{6B3E56F7-C567-463C-9746-0244FD959322}.Release|ARM.ActiveCfg = Release|Any CPU
		{6B3E56F7-C567-463C-9746-0244FD959322}.Release|ARM.Build.0 = Release|Any CPU
		{6B3E56F7-C567-463C-9746-0244FD959322}.Release|x64.ActiveCfg = Release|Any CPU
		{6B3E56F7-C567-463C-9746-0244FD959322}.Release|x64.Build.0 = Release|Any CPU
		{6B3E56F7-C567-463C-9746-0244FD959322}.Release|x86.ActiveCfg = Release|Any CPU
		{6B3E56F7-C567-463C-9746-0244FD959322}.Release|x86.Build.0 = Release|Any CPU
		{6D0D985D-B256-4208-9E78-77897D461698}.Debug|Any CPU.ActiveCfg = Debug|Any CPU
		{6D0D985D-B256-4208-9E78-77897D461698}.Debug|Any CPU.Build.0 = Debug|Any CPU
		{6D0D985D-B256-4208-9E78-77897D461698}.Debug|ARM.ActiveCfg = Debug|Any CPU
		{6D0D985D-B256-4208-9E78-77897D461698}.Debug|ARM.Build.0 = Debug|Any CPU
		{6D0D985D-B256-4208-9E78-77897D461698}.Debug|x64.ActiveCfg = Debug|Any CPU
		{6D0D985D-B256-4208-9E78-77897D461698}.Debug|x64.Build.0 = Debug|Any CPU
		{6D0D985D-B256-4208-9E78-77897D461698}.Debug|x86.ActiveCfg = Debug|Any CPU
		{6D0D985D-B256-4208-9E78-77897D461698}.Debug|x86.Build.0 = Debug|Any CPU
		{6D0D985D-B256-4208-9E78-77897D461698}.Release|Any CPU.ActiveCfg = Release|Any CPU
		{6D0D985D-B256-4208-9E78-77897D461698}.Release|Any CPU.Build.0 = Release|Any CPU
		{6D0D985D-B256-4208-9E78-77897D461698}.Release|ARM.ActiveCfg = Release|Any CPU
		{6D0D985D-B256-4208-9E78-77897D461698}.Release|ARM.Build.0 = Release|Any CPU
		{6D0D985D-B256-4208-9E78-77897D461698}.Release|x64.ActiveCfg = Release|Any CPU
		{6D0D985D-B256-4208-9E78-77897D461698}.Release|x64.Build.0 = Release|Any CPU
		{6D0D985D-B256-4208-9E78-77897D461698}.Release|x86.ActiveCfg = Release|Any CPU
		{6D0D985D-B256-4208-9E78-77897D461698}.Release|x86.Build.0 = Release|Any CPU
		{9CCBC6D0-83F8-4DAA-A781-7900E089DE76}.Debug|Any CPU.ActiveCfg = Debug|Any CPU
		{9CCBC6D0-83F8-4DAA-A781-7900E089DE76}.Debug|Any CPU.Build.0 = Debug|Any CPU
		{9CCBC6D0-83F8-4DAA-A781-7900E089DE76}.Debug|ARM.ActiveCfg = Debug|Any CPU
		{9CCBC6D0-83F8-4DAA-A781-7900E089DE76}.Debug|ARM.Build.0 = Debug|Any CPU
		{9CCBC6D0-83F8-4DAA-A781-7900E089DE76}.Debug|x64.ActiveCfg = Debug|Any CPU
		{9CCBC6D0-83F8-4DAA-A781-7900E089DE76}.Debug|x64.Build.0 = Debug|Any CPU
		{9CCBC6D0-83F8-4DAA-A781-7900E089DE76}.Debug|x86.ActiveCfg = Debug|Any CPU
		{9CCBC6D0-83F8-4DAA-A781-7900E089DE76}.Debug|x86.Build.0 = Debug|Any CPU
		{9CCBC6D0-83F8-4DAA-A781-7900E089DE76}.Release|Any CPU.ActiveCfg = Release|Any CPU
		{9CCBC6D0-83F8-4DAA-A781-7900E089DE76}.Release|Any CPU.Build.0 = Release|Any CPU
		{9CCBC6D0-83F8-4DAA-A781-7900E089DE76}.Release|ARM.ActiveCfg = Release|Any CPU
		{9CCBC6D0-83F8-4DAA-A781-7900E089DE76}.Release|ARM.Build.0 = Release|Any CPU
		{9CCBC6D0-83F8-4DAA-A781-7900E089DE76}.Release|x64.ActiveCfg = Release|Any CPU
		{9CCBC6D0-83F8-4DAA-A781-7900E089DE76}.Release|x64.Build.0 = Release|Any CPU
		{9CCBC6D0-83F8-4DAA-A781-7900E089DE76}.Release|x86.ActiveCfg = Release|Any CPU
		{9CCBC6D0-83F8-4DAA-A781-7900E089DE76}.Release|x86.Build.0 = Release|Any CPU
		{D9E5FC12-DDF5-814D-3E64-7A811287CF3D}.Debug|Any CPU.ActiveCfg = Debug|Any CPU
		{D9E5FC12-DDF5-814D-3E64-7A811287CF3D}.Debug|Any CPU.Build.0 = Debug|Any CPU
		{D9E5FC12-DDF5-814D-3E64-7A811287CF3D}.Debug|ARM.ActiveCfg = Debug|Any CPU
		{D9E5FC12-DDF5-814D-3E64-7A811287CF3D}.Debug|ARM.Build.0 = Debug|Any CPU
		{D9E5FC12-DDF5-814D-3E64-7A811287CF3D}.Debug|x64.ActiveCfg = Debug|Any CPU
		{D9E5FC12-DDF5-814D-3E64-7A811287CF3D}.Debug|x64.Build.0 = Debug|Any CPU
		{D9E5FC12-DDF5-814D-3E64-7A811287CF3D}.Debug|x86.ActiveCfg = Debug|Any CPU
		{D9E5FC12-DDF5-814D-3E64-7A811287CF3D}.Debug|x86.Build.0 = Debug|Any CPU
		{D9E5FC12-DDF5-814D-3E64-7A811287CF3D}.Release|Any CPU.ActiveCfg = Release|Any CPU
		{D9E5FC12-DDF5-814D-3E64-7A811287CF3D}.Release|Any CPU.Build.0 = Release|Any CPU
		{D9E5FC12-DDF5-814D-3E64-7A811287CF3D}.Release|ARM.ActiveCfg = Release|Any CPU
		{D9E5FC12-DDF5-814D-3E64-7A811287CF3D}.Release|ARM.Build.0 = Release|Any CPU
		{D9E5FC12-DDF5-814D-3E64-7A811287CF3D}.Release|x64.ActiveCfg = Release|Any CPU
		{D9E5FC12-DDF5-814D-3E64-7A811287CF3D}.Release|x64.Build.0 = Release|Any CPU
		{D9E5FC12-DDF5-814D-3E64-7A811287CF3D}.Release|x86.ActiveCfg = Release|Any CPU
		{D9E5FC12-DDF5-814D-3E64-7A811287CF3D}.Release|x86.Build.0 = Release|Any CPU
		{E4994FCD-51A9-7CF3-2FC7-26BCA05AEF03}.Debug|Any CPU.ActiveCfg = Debug|Any CPU
		{E4994FCD-51A9-7CF3-2FC7-26BCA05AEF03}.Debug|Any CPU.Build.0 = Debug|Any CPU
		{E4994FCD-51A9-7CF3-2FC7-26BCA05AEF03}.Debug|ARM.ActiveCfg = Debug|Any CPU
		{E4994FCD-51A9-7CF3-2FC7-26BCA05AEF03}.Debug|ARM.Build.0 = Debug|Any CPU
		{E4994FCD-51A9-7CF3-2FC7-26BCA05AEF03}.Debug|x64.ActiveCfg = Debug|Any CPU
		{E4994FCD-51A9-7CF3-2FC7-26BCA05AEF03}.Debug|x64.Build.0 = Debug|Any CPU
		{E4994FCD-51A9-7CF3-2FC7-26BCA05AEF03}.Debug|x86.ActiveCfg = Debug|Any CPU
		{E4994FCD-51A9-7CF3-2FC7-26BCA05AEF03}.Debug|x86.Build.0 = Debug|Any CPU
		{E4994FCD-51A9-7CF3-2FC7-26BCA05AEF03}.Release|Any CPU.ActiveCfg = Release|Any CPU
		{E4994FCD-51A9-7CF3-2FC7-26BCA05AEF03}.Release|Any CPU.Build.0 = Release|Any CPU
		{E4994FCD-51A9-7CF3-2FC7-26BCA05AEF03}.Release|ARM.ActiveCfg = Release|Any CPU
		{E4994FCD-51A9-7CF3-2FC7-26BCA05AEF03}.Release|ARM.Build.0 = Release|Any CPU
		{E4994FCD-51A9-7CF3-2FC7-26BCA05AEF03}.Release|x64.ActiveCfg = Release|Any CPU
		{E4994FCD-51A9-7CF3-2FC7-26BCA05AEF03}.Release|x64.Build.0 = Release|Any CPU
		{E4994FCD-51A9-7CF3-2FC7-26BCA05AEF03}.Release|x86.ActiveCfg = Release|Any CPU
		{E4994FCD-51A9-7CF3-2FC7-26BCA05AEF03}.Release|x86.Build.0 = Release|Any CPU
		{5DB5C5B9-9FBA-106C-3909-3EACADD8485D}.Debug|Any CPU.ActiveCfg = Debug|Any CPU
		{5DB5C5B9-9FBA-106C-3909-3EACADD8485D}.Debug|Any CPU.Build.0 = Debug|Any CPU
		{5DB5C5B9-9FBA-106C-3909-3EACADD8485D}.Debug|ARM.ActiveCfg = Debug|Any CPU
		{5DB5C5B9-9FBA-106C-3909-3EACADD8485D}.Debug|ARM.Build.0 = Debug|Any CPU
		{5DB5C5B9-9FBA-106C-3909-3EACADD8485D}.Debug|x64.ActiveCfg = Debug|Any CPU
		{5DB5C5B9-9FBA-106C-3909-3EACADD8485D}.Debug|x64.Build.0 = Debug|Any CPU
		{5DB5C5B9-9FBA-106C-3909-3EACADD8485D}.Debug|x86.ActiveCfg = Debug|Any CPU
		{5DB5C5B9-9FBA-106C-3909-3EACADD8485D}.Debug|x86.Build.0 = Debug|Any CPU
		{5DB5C5B9-9FBA-106C-3909-3EACADD8485D}.Release|Any CPU.ActiveCfg = Release|Any CPU
		{5DB5C5B9-9FBA-106C-3909-3EACADD8485D}.Release|Any CPU.Build.0 = Release|Any CPU
		{5DB5C5B9-9FBA-106C-3909-3EACADD8485D}.Release|ARM.ActiveCfg = Release|Any CPU
		{5DB5C5B9-9FBA-106C-3909-3EACADD8485D}.Release|ARM.Build.0 = Release|Any CPU
		{5DB5C5B9-9FBA-106C-3909-3EACADD8485D}.Release|x64.ActiveCfg = Release|Any CPU
		{5DB5C5B9-9FBA-106C-3909-3EACADD8485D}.Release|x64.Build.0 = Release|Any CPU
		{5DB5C5B9-9FBA-106C-3909-3EACADD8485D}.Release|x86.ActiveCfg = Release|Any CPU
		{5DB5C5B9-9FBA-106C-3909-3EACADD8485D}.Release|x86.Build.0 = Release|Any CPU
		{B7BE5548-F985-6A1C-39B7-1790A6BCC0B8}.Debug|Any CPU.ActiveCfg = Debug|Any CPU
		{B7BE5548-F985-6A1C-39B7-1790A6BCC0B8}.Debug|Any CPU.Build.0 = Debug|Any CPU
		{B7BE5548-F985-6A1C-39B7-1790A6BCC0B8}.Debug|ARM.ActiveCfg = Debug|Any CPU
		{B7BE5548-F985-6A1C-39B7-1790A6BCC0B8}.Debug|ARM.Build.0 = Debug|Any CPU
		{B7BE5548-F985-6A1C-39B7-1790A6BCC0B8}.Debug|x64.ActiveCfg = Debug|Any CPU
		{B7BE5548-F985-6A1C-39B7-1790A6BCC0B8}.Debug|x64.Build.0 = Debug|Any CPU
		{B7BE5548-F985-6A1C-39B7-1790A6BCC0B8}.Debug|x86.ActiveCfg = Debug|Any CPU
		{B7BE5548-F985-6A1C-39B7-1790A6BCC0B8}.Debug|x86.Build.0 = Debug|Any CPU
		{B7BE5548-F985-6A1C-39B7-1790A6BCC0B8}.Release|Any CPU.ActiveCfg = Release|Any CPU
		{B7BE5548-F985-6A1C-39B7-1790A6BCC0B8}.Release|Any CPU.Build.0 = Release|Any CPU
		{B7BE5548-F985-6A1C-39B7-1790A6BCC0B8}.Release|ARM.ActiveCfg = Release|Any CPU
		{B7BE5548-F985-6A1C-39B7-1790A6BCC0B8}.Release|ARM.Build.0 = Release|Any CPU
		{B7BE5548-F985-6A1C-39B7-1790A6BCC0B8}.Release|x64.ActiveCfg = Release|Any CPU
		{B7BE5548-F985-6A1C-39B7-1790A6BCC0B8}.Release|x64.Build.0 = Release|Any CPU
		{B7BE5548-F985-6A1C-39B7-1790A6BCC0B8}.Release|x86.ActiveCfg = Release|Any CPU
		{B7BE5548-F985-6A1C-39B7-1790A6BCC0B8}.Release|x86.Build.0 = Release|Any CPU
		{110A816F-29F9-3C8A-2AFA-A8BD904D8835}.Debug|Any CPU.ActiveCfg = Debug|Any CPU
		{110A816F-29F9-3C8A-2AFA-A8BD904D8835}.Debug|Any CPU.Build.0 = Debug|Any CPU
		{110A816F-29F9-3C8A-2AFA-A8BD904D8835}.Debug|ARM.ActiveCfg = Debug|Any CPU
		{110A816F-29F9-3C8A-2AFA-A8BD904D8835}.Debug|ARM.Build.0 = Debug|Any CPU
		{110A816F-29F9-3C8A-2AFA-A8BD904D8835}.Debug|x64.ActiveCfg = Debug|Any CPU
		{110A816F-29F9-3C8A-2AFA-A8BD904D8835}.Debug|x64.Build.0 = Debug|Any CPU
		{110A816F-29F9-3C8A-2AFA-A8BD904D8835}.Debug|x86.ActiveCfg = Debug|Any CPU
		{110A816F-29F9-3C8A-2AFA-A8BD904D8835}.Debug|x86.Build.0 = Debug|Any CPU
		{110A816F-29F9-3C8A-2AFA-A8BD904D8835}.Release|Any CPU.ActiveCfg = Release|Any CPU
		{110A816F-29F9-3C8A-2AFA-A8BD904D8835}.Release|Any CPU.Build.0 = Release|Any CPU
		{110A816F-29F9-3C8A-2AFA-A8BD904D8835}.Release|ARM.ActiveCfg = Release|Any CPU
		{110A816F-29F9-3C8A-2AFA-A8BD904D8835}.Release|ARM.Build.0 = Release|Any CPU
		{110A816F-29F9-3C8A-2AFA-A8BD904D8835}.Release|x64.ActiveCfg = Release|Any CPU
		{110A816F-29F9-3C8A-2AFA-A8BD904D8835}.Release|x64.Build.0 = Release|Any CPU
		{110A816F-29F9-3C8A-2AFA-A8BD904D8835}.Release|x86.ActiveCfg = Release|Any CPU
		{110A816F-29F9-3C8A-2AFA-A8BD904D8835}.Release|x86.Build.0 = Release|Any CPU
		{1D2AD89E-46A2-0DEC-5D9E-B997EA6B6427}.Debug|Any CPU.ActiveCfg = Debug|Any CPU
		{1D2AD89E-46A2-0DEC-5D9E-B997EA6B6427}.Debug|Any CPU.Build.0 = Debug|Any CPU
		{1D2AD89E-46A2-0DEC-5D9E-B997EA6B6427}.Debug|ARM.ActiveCfg = Debug|Any CPU
		{1D2AD89E-46A2-0DEC-5D9E-B997EA6B6427}.Debug|ARM.Build.0 = Debug|Any CPU
		{1D2AD89E-46A2-0DEC-5D9E-B997EA6B6427}.Debug|x64.ActiveCfg = Debug|Any CPU
		{1D2AD89E-46A2-0DEC-5D9E-B997EA6B6427}.Debug|x64.Build.0 = Debug|Any CPU
		{1D2AD89E-46A2-0DEC-5D9E-B997EA6B6427}.Debug|x86.ActiveCfg = Debug|Any CPU
		{1D2AD89E-46A2-0DEC-5D9E-B997EA6B6427}.Debug|x86.Build.0 = Debug|Any CPU
		{1D2AD89E-46A2-0DEC-5D9E-B997EA6B6427}.Release|Any CPU.ActiveCfg = Release|Any CPU
		{1D2AD89E-46A2-0DEC-5D9E-B997EA6B6427}.Release|Any CPU.Build.0 = Release|Any CPU
		{1D2AD89E-46A2-0DEC-5D9E-B997EA6B6427}.Release|ARM.ActiveCfg = Release|Any CPU
		{1D2AD89E-46A2-0DEC-5D9E-B997EA6B6427}.Release|ARM.Build.0 = Release|Any CPU
		{1D2AD89E-46A2-0DEC-5D9E-B997EA6B6427}.Release|x64.ActiveCfg = Release|Any CPU
		{1D2AD89E-46A2-0DEC-5D9E-B997EA6B6427}.Release|x64.Build.0 = Release|Any CPU
		{1D2AD89E-46A2-0DEC-5D9E-B997EA6B6427}.Release|x86.ActiveCfg = Release|Any CPU
		{1D2AD89E-46A2-0DEC-5D9E-B997EA6B6427}.Release|x86.Build.0 = Release|Any CPU
		{245F49F1-1C6E-E49E-CDF1-A343938B943B}.Debug|Any CPU.ActiveCfg = Debug|Any CPU
		{245F49F1-1C6E-E49E-CDF1-A343938B943B}.Debug|Any CPU.Build.0 = Debug|Any CPU
		{245F49F1-1C6E-E49E-CDF1-A343938B943B}.Debug|ARM.ActiveCfg = Debug|Any CPU
		{245F49F1-1C6E-E49E-CDF1-A343938B943B}.Debug|ARM.Build.0 = Debug|Any CPU
		{245F49F1-1C6E-E49E-CDF1-A343938B943B}.Debug|x64.ActiveCfg = Debug|Any CPU
		{245F49F1-1C6E-E49E-CDF1-A343938B943B}.Debug|x64.Build.0 = Debug|Any CPU
		{245F49F1-1C6E-E49E-CDF1-A343938B943B}.Debug|x86.ActiveCfg = Debug|Any CPU
		{245F49F1-1C6E-E49E-CDF1-A343938B943B}.Debug|x86.Build.0 = Debug|Any CPU
		{245F49F1-1C6E-E49E-CDF1-A343938B943B}.Release|Any CPU.ActiveCfg = Release|Any CPU
		{245F49F1-1C6E-E49E-CDF1-A343938B943B}.Release|Any CPU.Build.0 = Release|Any CPU
		{245F49F1-1C6E-E49E-CDF1-A343938B943B}.Release|ARM.ActiveCfg = Release|Any CPU
		{245F49F1-1C6E-E49E-CDF1-A343938B943B}.Release|ARM.Build.0 = Release|Any CPU
		{245F49F1-1C6E-E49E-CDF1-A343938B943B}.Release|x64.ActiveCfg = Release|Any CPU
		{245F49F1-1C6E-E49E-CDF1-A343938B943B}.Release|x64.Build.0 = Release|Any CPU
		{245F49F1-1C6E-E49E-CDF1-A343938B943B}.Release|x86.ActiveCfg = Release|Any CPU
		{245F49F1-1C6E-E49E-CDF1-A343938B943B}.Release|x86.Build.0 = Release|Any CPU
		{7DE47032-A904-4C29-BD22-2D235E8D91BA}.Debug|Any CPU.ActiveCfg = Debug|Any CPU
		{7DE47032-A904-4C29-BD22-2D235E8D91BA}.Debug|Any CPU.Build.0 = Debug|Any CPU
		{7DE47032-A904-4C29-BD22-2D235E8D91BA}.Debug|ARM.ActiveCfg = Debug|Any CPU
		{7DE47032-A904-4C29-BD22-2D235E8D91BA}.Debug|ARM.Build.0 = Debug|Any CPU
		{7DE47032-A904-4C29-BD22-2D235E8D91BA}.Debug|x64.ActiveCfg = Debug|Any CPU
		{7DE47032-A904-4C29-BD22-2D235E8D91BA}.Debug|x64.Build.0 = Debug|Any CPU
		{7DE47032-A904-4C29-BD22-2D235E8D91BA}.Debug|x86.ActiveCfg = Debug|Any CPU
		{7DE47032-A904-4C29-BD22-2D235E8D91BA}.Debug|x86.Build.0 = Debug|Any CPU
		{7DE47032-A904-4C29-BD22-2D235E8D91BA}.Release|Any CPU.ActiveCfg = Release|Any CPU
		{7DE47032-A904-4C29-BD22-2D235E8D91BA}.Release|Any CPU.Build.0 = Release|Any CPU
		{7DE47032-A904-4C29-BD22-2D235E8D91BA}.Release|ARM.ActiveCfg = Release|Any CPU
		{7DE47032-A904-4C29-BD22-2D235E8D91BA}.Release|ARM.Build.0 = Release|Any CPU
		{7DE47032-A904-4C29-BD22-2D235E8D91BA}.Release|x64.ActiveCfg = Release|Any CPU
		{7DE47032-A904-4C29-BD22-2D235E8D91BA}.Release|x64.Build.0 = Release|Any CPU
		{7DE47032-A904-4C29-BD22-2D235E8D91BA}.Release|x86.ActiveCfg = Release|Any CPU
		{7DE47032-A904-4C29-BD22-2D235E8D91BA}.Release|x86.Build.0 = Release|Any CPU
		{2A9E881D-6377-198B-CD90-6A235B2FE6E0}.Debug|Any CPU.ActiveCfg = Debug|Any CPU
		{2A9E881D-6377-198B-CD90-6A235B2FE6E0}.Debug|Any CPU.Build.0 = Debug|Any CPU
		{2A9E881D-6377-198B-CD90-6A235B2FE6E0}.Debug|ARM.ActiveCfg = Debug|Any CPU
		{2A9E881D-6377-198B-CD90-6A235B2FE6E0}.Debug|ARM.Build.0 = Debug|Any CPU
		{2A9E881D-6377-198B-CD90-6A235B2FE6E0}.Debug|x64.ActiveCfg = Debug|Any CPU
		{2A9E881D-6377-198B-CD90-6A235B2FE6E0}.Debug|x64.Build.0 = Debug|Any CPU
		{2A9E881D-6377-198B-CD90-6A235B2FE6E0}.Debug|x86.ActiveCfg = Debug|Any CPU
		{2A9E881D-6377-198B-CD90-6A235B2FE6E0}.Debug|x86.Build.0 = Debug|Any CPU
		{2A9E881D-6377-198B-CD90-6A235B2FE6E0}.Release|Any CPU.ActiveCfg = Release|Any CPU
		{2A9E881D-6377-198B-CD90-6A235B2FE6E0}.Release|Any CPU.Build.0 = Release|Any CPU
		{2A9E881D-6377-198B-CD90-6A235B2FE6E0}.Release|ARM.ActiveCfg = Release|Any CPU
		{2A9E881D-6377-198B-CD90-6A235B2FE6E0}.Release|ARM.Build.0 = Release|Any CPU
		{2A9E881D-6377-198B-CD90-6A235B2FE6E0}.Release|x64.ActiveCfg = Release|Any CPU
		{2A9E881D-6377-198B-CD90-6A235B2FE6E0}.Release|x64.Build.0 = Release|Any CPU
		{2A9E881D-6377-198B-CD90-6A235B2FE6E0}.Release|x86.ActiveCfg = Release|Any CPU
		{2A9E881D-6377-198B-CD90-6A235B2FE6E0}.Release|x86.Build.0 = Release|Any CPU
	EndGlobalSection
	GlobalSection(SolutionProperties) = preSolution
		HideSolutionNode = FALSE
	EndGlobalSection
	GlobalSection(NestedProjects) = preSolution
		{B9ADD879-CC12-44CC-B809-BCE91FA444DE} = {62BB07D4-1A41-4052-8EAE-145BF8690028}
		{47CB82F1-407E-4CC2-8AFD-598300FD1245} = {62BB07D4-1A41-4052-8EAE-145BF8690028}
		{741B4B1E-89E4-434C-8867-6129838AFD51} = {E047B55E-EC12-43C4-AF5F-AD7FED501BDB}
		{1DC4C439-A8A6-4A11-AB3B-A88DCBA05449} = {E047B55E-EC12-43C4-AF5F-AD7FED501BDB}
		{3F81F76D-F0F3-44FE-A256-40AF153C33F7} = {E047B55E-EC12-43C4-AF5F-AD7FED501BDB}
		{6E0E6284-13FF-4DC7-8FC2-B6D756EAF1FD} = {E047B55E-EC12-43C4-AF5F-AD7FED501BDB}
		{4B8D3F73-BBD2-4057-B86B-8B73B957DC0F} = {E047B55E-EC12-43C4-AF5F-AD7FED501BDB}
		{8FB8B257-C091-4C41-B221-75C37B68CD8F} = {E047B55E-EC12-43C4-AF5F-AD7FED501BDB}
		{90BBD6EF-F386-4F47-88CD-BF386C7D1705} = {E047B55E-EC12-43C4-AF5F-AD7FED501BDB}
		{B1E0BDE6-D019-4EC6-B26D-5B823D74C4FB} = {CD3F96CE-3103-4760-B58B-5EED2413F83C}
		{BF6F500B-C6CC-42F0-888F-1973F8EC34EA} = {CD3F96CE-3103-4760-B58B-5EED2413F83C}
		{928098D6-C9F4-4A5C-8E55-1B6854ED7F6E} = {62BB07D4-1A41-4052-8EAE-145BF8690028}
		{47002223-FF7A-4E5F-9530-EADE8302EDF7} = {CD3F96CE-3103-4760-B58B-5EED2413F83C}
		{7AE82BAB-5F52-427A-8F6F-DA829261FF9C} = {E047B55E-EC12-43C4-AF5F-AD7FED501BDB}
		{6B3E56F7-C567-463C-9746-0244FD959322} = {E047B55E-EC12-43C4-AF5F-AD7FED501BDB}
		{6D0D985D-B256-4208-9E78-77897D461698} = {E047B55E-EC12-43C4-AF5F-AD7FED501BDB}
		{9CCBC6D0-83F8-4DAA-A781-7900E089DE76} = {62BB07D4-1A41-4052-8EAE-145BF8690028}
		{D9E5FC12-DDF5-814D-3E64-7A811287CF3D} = {02EA681E-C7D8-13C7-8484-4AC65E1B71E8}
		{E4994FCD-51A9-7CF3-2FC7-26BCA05AEF03} = {02EA681E-C7D8-13C7-8484-4AC65E1B71E8}
		{5DB5C5B9-9FBA-106C-3909-3EACADD8485D} = {02EA681E-C7D8-13C7-8484-4AC65E1B71E8}
		{B7BE5548-F985-6A1C-39B7-1790A6BCC0B8} = {02EA681E-C7D8-13C7-8484-4AC65E1B71E8}
		{110A816F-29F9-3C8A-2AFA-A8BD904D8835} = {02EA681E-C7D8-13C7-8484-4AC65E1B71E8}
		{1D2AD89E-46A2-0DEC-5D9E-B997EA6B6427} = {02EA681E-C7D8-13C7-8484-4AC65E1B71E8}
		{245F49F1-1C6E-E49E-CDF1-A343938B943B} = {02EA681E-C7D8-13C7-8484-4AC65E1B71E8}
		{7DE47032-A904-4C29-BD22-2D235E8D91BA} = {CD3F96CE-3103-4760-B58B-5EED2413F83C}
		{2A9E881D-6377-198B-CD90-6A235B2FE6E0} = {CD3F96CE-3103-4760-B58B-5EED2413F83C}
	EndGlobalSection
	GlobalSection(ExtensibilityGlobals) = postSolution
		SolutionGuid = {83511BE6-5BCD-45A7-B8F4-82581E553928}
		        SolutionGuid = {415A0BFD-4C54-4CA9-81D3-0F3A0B1EC3D3}
	EndGlobalSection
	GlobalSection(SharedMSBuildProjectFiles) = preSolution
		Primitives3D\Primitives3D.projitems*{47cb82f1-407e-4cc2-8afd-598300fd1245}*SharedItemsImports = 5
		Primitives3D\Primitives3D.projitems*{928098d6-c9f4-4a5c-8e55-1b6854ed7f6e}*SharedItemsImports = 5
		Primitives3D\Primitives3D.projitems*{9ccbc6d0-83f8-4daa-a781-7900e089de76}*SharedItemsImports = 5
		Primitives3D\Primitives3D.projitems*{b9add879-cc12-44cc-b809-bce91fa444de}*SharedItemsImports = 13
	EndGlobalSection
EndGlobal
